
Microsoft Visual Studio Solution File, Format Version 12.00
# Visual Studio Version 16
VisualStudioVersion = 16.0.31624.102
MinimumVisualStudioVersion = 10.0.40219.1
Project("{FAE04EC0-301F-11D3-BF4B-00C04F79EFBC}") = "ConsoleApp6", "ConsoleApp6\ConsoleApp6.csproj", "{641B974A-4C89-4CB2-8A8D-4C45C9C7D03F}"
EndProject
Global
	GlobalSection(SolutionConfigurationPlatforms) = preSolution
		Debug|Any CPU = Debug|Any CPU
		Release|Any CPU = Release|Any CPU
	EndGlobalSection
	GlobalSection(ProjectConfigurationPlatforms) = postSolution
		{641B974A-4C89-4CB2-8A8D-4C45C9C7D03F}.Debug|Any CPU.ActiveCfg = Debug|Any CPU
		{641B974A-4C89-4CB2-8A8D-4C45C9C7D03F}.Debug|Any CPU.Build.0 = Debug|Any CPU
		{641B974A-4C89-4CB2-8A8D-4C45C9C7D03F}.Release|Any CPU.ActiveCfg = Release|Any CPU
		{641B974A-4C89-4CB2-8A8D-4C45C9C7D03F}.Release|Any CPU.Build.0 = Release|Any CPU
	EndGlobalSection
	GlobalSection(SolutionProperties) = preSolution
		HideSolutionNode = FALSE
	EndGlobalSection
	GlobalSection(ExtensibilityGlobals) = postSolution
		SolutionGuid = {233ECC6C-F956-44E9-A175-BB1AB02B4ABA}
	EndGlobalSection
EndGlobal
